
Microsoft Visual Studio Solution File, Format Version 12.00
# Visual Studio Version 17
VisualStudioVersion = 17.5.33424.131
MinimumVisualStudioVersion = 10.0.40219.1
Project("{FAE04EC0-301F-11D3-BF4B-00C04F79EFBC}") = "Lab7_ver1.0", "Lab7_ver1.0\Lab7_ver1.0.csproj", "{96A91C19-6B7E-4B57-9EC4-14BBBEA998CD}"
EndProject
Global
	GlobalSection(SolutionConfigurationPlatforms) = preSolution
		Debug|Any CPU = Debug|Any CPU
		Release|Any CPU = Release|Any CPU
	EndGlobalSection
	GlobalSection(ProjectConfigurationPlatforms) = postSolution
		{96A91C19-6B7E-4B57-9EC4-14BBBEA998CD}.Debug|Any CPU.ActiveCfg = Debug|Any CPU
		{96A91C19-6B7E-4B57-9EC4-14BBBEA998CD}.Debug|Any CPU.Build.0 = Debug|Any CPU
		{96A91C19-6B7E-4B57-9EC4-14BBBEA998CD}.Release|Any CPU.ActiveCfg = Release|Any CPU
		{96A91C19-6B7E-4B57-9EC4-14BBBEA998CD}.Release|Any CPU.Build.0 = Release|Any CPU
	EndGlobalSection
	GlobalSection(SolutionProperties) = preSolution
		HideSolutionNode = FALSE
	EndGlobalSection
	GlobalSection(ExtensibilityGlobals) = postSolution
		SolutionGuid = {53ADB988-BF8A-4A8B-98D4-6F948D055E72}
	EndGlobalSection
EndGlobal
